
Microsoft Visual Studio Solution File, Format Version 12.00
# Visual Studio Version 16
VisualStudioVersion = 16.0.29001.49
MinimumVisualStudioVersion = 10.0.40219.1
Project("{FAE04EC0-301F-11D3-BF4B-00C04F79EFBC}") = "Miasma", "Miasma.csproj", "{D2C2F10A-5C4B-4DA8-935A-8EDA1CBACE47}"
EndProject
Global
	GlobalSection(SolutionConfigurationPlatforms) = preSolution
		Debug|x86 = Debug|x86
		Release|x86 = Release|x86
	EndGlobalSection
	GlobalSection(ProjectConfigurationPlatforms) = postSolution
		{D2C2F10A-5C4B-4DA8-935A-8EDA1CBACE47}.Debug|x86.ActiveCfg = Debug|x86
		{D2C2F10A-5C4B-4DA8-935A-8EDA1CBACE47}.Debug|x86.Build.0 = Debug|x86
		{D2C2F10A-5C4B-4DA8-935A-8EDA1CBACE47}.Release|x86.ActiveCfg = Release|x86
		{D2C2F10A-5C4B-4DA8-935A-8EDA1CBACE47}.Release|x86.Build.0 = Release|x86
	EndGlobalSection
	GlobalSection(SolutionProperties) = preSolution
		HideSolutionNode = FALSE
	EndGlobalSection
	GlobalSection(ExtensibilityGlobals) = postSolution
		SolutionGuid = {72C11EE4-C38E-462D-9D71-A5A4D101A4C7}
	EndGlobalSection
EndGlobal
